
Microsoft Visual Studio Solution File, Format Version 12.00
# Visual Studio Version 17
VisualStudioVersion = 17.2.32630.192
MinimumVisualStudioVersion = 10.0.40219.1
Project("{9A19103F-16F7-4668-BE54-9A1E7A4F7556}") = "HelloWorld", "HelloWorld\HelloWorld.csproj", "{E54DD43D-9F0A-4839-A2CF-D2D30BA42777}"
EndProject
Project("{FAE04EC0-301F-11D3-BF4B-00C04F79EFBC}") = "lesson_2", "lesson_2\lesson_2.csproj", "{15857A7D-6ED9-4308-8BF3-58ED2533504E}"
EndProject
Global
	GlobalSection(SolutionConfigurationPlatforms) = preSolution
		Debug|Any CPU = Debug|Any CPU
		Release|Any CPU = Release|Any CPU
	EndGlobalSection
	GlobalSection(ProjectConfigurationPlatforms) = postSolution
		{E54DD43D-9F0A-4839-A2CF-D2D30BA42777}.Debug|Any CPU.ActiveCfg = Debug|Any CPU
		{E54DD43D-9F0A-4839-A2CF-D2D30BA42777}.Debug|Any CPU.Build.0 = Debug|Any CPU
		{E54DD43D-9F0A-4839-A2CF-D2D30BA42777}.Release|Any CPU.ActiveCfg = Release|Any CPU
		{E54DD43D-9F0A-4839-A2CF-D2D30BA42777}.Release|Any CPU.Build.0 = Release|Any CPU
		{15857A7D-6ED9-4308-8BF3-58ED2533504E}.Debug|Any CPU.ActiveCfg = Debug|Any CPU
		{15857A7D-6ED9-4308-8BF3-58ED2533504E}.Debug|Any CPU.Build.0 = Debug|Any CPU
		{15857A7D-6ED9-4308-8BF3-58ED2533504E}.Release|Any CPU.ActiveCfg = Release|Any CPU
		{15857A7D-6ED9-4308-8BF3-58ED2533504E}.Release|Any CPU.Build.0 = Release|Any CPU
	EndGlobalSection
	GlobalSection(SolutionProperties) = preSolution
		HideSolutionNode = FALSE
	EndGlobalSection
	GlobalSection(ExtensibilityGlobals) = postSolution
		SolutionGuid = {9E002DF1-C55E-4071-9C3D-DAF934D7B9BD}
	EndGlobalSection
EndGlobal
